
Microsoft Visual Studio Solution File, Format Version 12.00
# Visual Studio Version 16
VisualStudioVersion = 16.0.30621.155
MinimumVisualStudioVersion = 10.0.40219.1
Project("{FAE04EC0-301F-11D3-BF4B-00C04F79EFBC}") = "DesignPatternChainResponsability", "DesignPatternChainResponsability\DesignPatternChainResponsability.csproj", "{AFC654D3-F544-4317-BF9C-7D72BE5450FF}"
EndProject
Global
	GlobalSection(SolutionConfigurationPlatforms) = preSolution
		Debug|Any CPU = Debug|Any CPU
		Release|Any CPU = Release|Any CPU
	EndGlobalSection
	GlobalSection(ProjectConfigurationPlatforms) = postSolution
		{AFC654D3-F544-4317-BF9C-7D72BE5450FF}.Debug|Any CPU.ActiveCfg = Debug|Any CPU
		{AFC654D3-F544-4317-BF9C-7D72BE5450FF}.Debug|Any CPU.Build.0 = Debug|Any CPU
		{AFC654D3-F544-4317-BF9C-7D72BE5450FF}.Release|Any CPU.ActiveCfg = Release|Any CPU
		{AFC654D3-F544-4317-BF9C-7D72BE5450FF}.Release|Any CPU.Build.0 = Release|Any CPU
	EndGlobalSection
	GlobalSection(SolutionProperties) = preSolution
		HideSolutionNode = FALSE
	EndGlobalSection
	GlobalSection(ExtensibilityGlobals) = postSolution
		SolutionGuid = {3A9CD6E4-C202-4343-B04F-E98EF77F0281}
	EndGlobalSection
EndGlobal
